
Microsoft Visual Studio Solution File, Format Version 12.00
# Visual Studio 15
VisualStudioVersion = 15.0.28010.2048
MinimumVisualStudioVersion = 10.0.40219.1
Project("{9A19103F-16F7-4668-BE54-9A1E7A4F7556}") = "ItemsShop.WebAPI", "ItemsShop.WebAPI\ItemsShop.WebAPI.csproj", "{5DBDC846-3845-453B-A406-7EBB207AF457}"
EndProject
Project("{2150E333-8FDC-42A3-9474-1A3956D46DE8}") = "Server", "Server", "{77EE458E-B251-43A1-90DF-29BE1CDEFE5F}"
EndProject
Project("{2150E333-8FDC-42A3-9474-1A3956D46DE8}") = "Clients", "Clients", "{9DC1B0E7-87E0-4155-B6C3-998AD08F4AD3}"
EndProject
Project("{FAE04EC0-301F-11D3-BF4B-00C04F79EFBC}") = "ItemsShop.Mobile.Android", "ItemsShop.Mobile\ItemsShop.Mobile.Android\ItemsShop.Mobile.Android.csproj", "{4A531E82-F1C4-4514-91A7-A7101A5F1487}"
EndProject
Project("{FAE04EC0-301F-11D3-BF4B-00C04F79EFBC}") = "ItemsShop.Mobile.iOS", "ItemsShop.Mobile\ItemsShop.Mobile.iOS\ItemsShop.Mobile.iOS.csproj", "{0E8B76DF-B5F6-4E44-BD76-A1DB78DC9420}"
EndProject
Project("{FAE04EC0-301F-11D3-BF4B-00C04F79EFBC}") = "ItemsShop.Mobile.UWP", "ItemsShop.Mobile\ItemsShop.Mobile.UWP\ItemsShop.Mobile.UWP.csproj", "{1A279EA0-046C-4AAC-830C-22FCDAD58010}"
EndProject
Project("{FAE04EC0-301F-11D3-BF4B-00C04F79EFBC}") = "ItemsShop.Mobile", "ItemsShop.Mobile\ItemsShop.Mobile\ItemsShop.Mobile.csproj", "{EE631BAD-77DD-40F4-ADF8-934A2A1175B6}"
EndProject
Global
	GlobalSection(SolutionConfigurationPlatforms) = preSolution
		Ad-Hoc|Any CPU = Ad-Hoc|Any CPU
		Ad-Hoc|ARM = Ad-Hoc|ARM
		Ad-Hoc|iPhone = Ad-Hoc|iPhone
		Ad-Hoc|iPhoneSimulator = Ad-Hoc|iPhoneSimulator
		Ad-Hoc|x64 = Ad-Hoc|x64
		Ad-Hoc|x86 = Ad-Hoc|x86
		AppStore|Any CPU = AppStore|Any CPU
		AppStore|ARM = AppStore|ARM
		AppStore|iPhone = AppStore|iPhone
		AppStore|iPhoneSimulator = AppStore|iPhoneSimulator
		AppStore|x64 = AppStore|x64
		AppStore|x86 = AppStore|x86
		Debug|Any CPU = Debug|Any CPU
		Debug|ARM = Debug|ARM
		Debug|iPhone = Debug|iPhone
		Debug|iPhoneSimulator = Debug|iPhoneSimulator
		Debug|x64 = Debug|x64
		Debug|x86 = Debug|x86
		Release|Any CPU = Release|Any CPU
		Release|ARM = Release|ARM
		Release|iPhone = Release|iPhone
		Release|iPhoneSimulator = Release|iPhoneSimulator
		Release|x64 = Release|x64
		Release|x86 = Release|x86
	EndGlobalSection
	GlobalSection(ProjectConfigurationPlatforms) = postSolution
		{5DBDC846-3845-453B-A406-7EBB207AF457}.Ad-Hoc|Any CPU.ActiveCfg = Debug|Any CPU
		{5DBDC846-3845-453B-A406-7EBB207AF457}.Ad-Hoc|Any CPU.Build.0 = Debug|Any CPU
		{5DBDC846-3845-453B-A406-7EBB207AF457}.Ad-Hoc|ARM.ActiveCfg = Debug|Any CPU
		{5DBDC846-3845-453B-A406-7EBB207AF457}.Ad-Hoc|ARM.Build.0 = Debug|Any CPU
		{5DBDC846-3845-453B-A406-7EBB207AF457}.Ad-Hoc|iPhone.ActiveCfg = Debug|Any CPU
		{5DBDC846-3845-453B-A406-7EBB207AF457}.Ad-Hoc|iPhone.Build.0 = Debug|Any CPU
		{5DBDC846-3845-453B-A406-7EBB207AF457}.Ad-Hoc|iPhoneSimulator.ActiveCfg = Debug|Any CPU
		{5DBDC846-3845-453B-A406-7EBB207AF457}.Ad-Hoc|iPhoneSimulator.Build.0 = Debug|Any CPU
		{5DBDC846-3845-453B-A406-7EBB207AF457}.Ad-Hoc|x64.ActiveCfg = Debug|Any CPU
		{5DBDC846-3845-453B-A406-7EBB207AF457}.Ad-Hoc|x64.Build.0 = Debug|Any CPU
		{5DBDC846-3845-453B-A406-7EBB207AF457}.Ad-Hoc|x86.ActiveCfg = Debug|Any CPU
		{5DBDC846-3845-453B-A406-7EBB207AF457}.Ad-Hoc|x86.Build.0 = Debug|Any CPU
		{5DBDC846-3845-453B-A406-7EBB207AF457}.AppStore|Any CPU.ActiveCfg = Debug|Any CPU
		{5DBDC846-3845-453B-A406-7EBB207AF457}.AppStore|Any CPU.Build.0 = Debug|Any CPU
		{5DBDC846-3845-453B-A406-7EBB207AF457}.AppStore|ARM.ActiveCfg = Debug|Any CPU
		{5DBDC846-3845-453B-A406-7EBB207AF457}.AppStore|ARM.Build.0 = Debug|Any CPU
		{5DBDC846-3845-453B-A406-7EBB207AF457}.AppStore|iPhone.ActiveCfg = Debug|Any CPU
		{5DBDC846-3845-453B-A406-7EBB207AF457}.AppStore|iPhone.Build.0 = Debug|Any CPU
		{5DBDC846-3845-453B-A406-7EBB207AF457}.AppStore|iPhoneSimulator.ActiveCfg = Debug|Any CPU
		{5DBDC846-3845-453B-A406-7EBB207AF457}.AppStore|iPhoneSimulator.Build.0 = Debug|Any CPU
		{5DBDC846-3845-453B-A406-7EBB207AF457}.AppStore|x64.ActiveCfg = Debug|Any CPU
		{5DBDC846-3845-453B-A406-7EBB207AF457}.AppStore|x64.Build.0 = Debug|Any CPU
		{5DBDC846-3845-453B-A406-7EBB207AF457}.AppStore|x86.ActiveCfg = Debug|Any CPU
		{5DBDC846-3845-453B-A406-7EBB207AF457}.AppStore|x86.Build.0 = Debug|Any CPU
		{5DBDC846-3845-453B-A406-7EBB207AF457}.Debug|Any CPU.ActiveCfg = Debug|Any CPU
		{5DBDC846-3845-453B-A406-7EBB207AF457}.Debug|Any CPU.Build.0 = Debug|Any CPU
		{5DBDC846-3845-453B-A406-7EBB207AF457}.Debug|ARM.ActiveCfg = Debug|Any CPU
		{5DBDC846-3845-453B-A406-7EBB207AF457}.Debug|ARM.Build.0 = Debug|Any CPU
		{5DBDC846-3845-453B-A406-7EBB207AF457}.Debug|iPhone.ActiveCfg = Debug|Any CPU
		{5DBDC846-3845-453B-A406-7EBB207AF457}.Debug|iPhone.Build.0 = Debug|Any CPU
		{5DBDC846-3845-453B-A406-7EBB207AF457}.Debug|iPhoneSimulator.ActiveCfg = Debug|Any CPU
		{5DBDC846-3845-453B-A406-7EBB207AF457}.Debug|iPhoneSimulator.Build.0 = Debug|Any CPU
		{5DBDC846-3845-453B-A406-7EBB207AF457}.Debug|x64.ActiveCfg = Debug|Any CPU
		{5DBDC846-3845-453B-A406-7EBB207AF457}.Debug|x64.Build.0 = Debug|Any CPU
		{5DBDC846-3845-453B-A406-7EBB207AF457}.Debug|x86.ActiveCfg = Debug|Any CPU
		{5DBDC846-3845-453B-A406-7EBB207AF457}.Debug|x86.Build.0 = Debug|Any CPU
		{5DBDC846-3845-453B-A406-7EBB207AF457}.Release|Any CPU.ActiveCfg = Release|Any CPU
		{5DBDC846-3845-453B-A406-7EBB207AF457}.Release|Any CPU.Build.0 = Release|Any CPU
		{5DBDC846-3845-453B-A406-7EBB207AF457}.Release|ARM.ActiveCfg = Release|Any CPU
		{5DBDC846-3845-453B-A406-7EBB207AF457}.Release|ARM.Build.0 = Release|Any CPU
		{5DBDC846-3845-453B-A406-7EBB207AF457}.Release|iPhone.ActiveCfg = Release|Any CPU
		{5DBDC846-3845-453B-A406-7EBB207AF457}.Release|iPhone.Build.0 = Release|Any CPU
		{5DBDC846-3845-453B-A406-7EBB207AF457}.Release|iPhoneSimulator.ActiveCfg = Release|Any CPU
		{5DBDC846-3845-453B-A406-7EBB207AF457}.Release|iPhoneSimulator.Build.0 = Release|Any CPU
		{5DBDC846-3845-453B-A406-7EBB207AF457}.Release|x64.ActiveCfg = Release|Any CPU
		{5DBDC846-3845-453B-A406-7EBB207AF457}.Release|x64.Build.0 = Release|Any CPU
		{5DBDC846-3845-453B-A406-7EBB207AF457}.Release|x86.ActiveCfg = Release|Any CPU
		{5DBDC846-3845-453B-A406-7EBB207AF457}.Release|x86.Build.0 = Release|Any CPU
		{4A531E82-F1C4-4514-91A7-A7101A5F1487}.Ad-Hoc|Any CPU.ActiveCfg = Release|Any CPU
		{4A531E82-F1C4-4514-91A7-A7101A5F1487}.Ad-Hoc|Any CPU.Build.0 = Release|Any CPU
		{4A531E82-F1C4-4514-91A7-A7101A5F1487}.Ad-Hoc|Any CPU.Deploy.0 = Release|Any CPU
		{4A531E82-F1C4-4514-91A7-A7101A5F1487}.Ad-Hoc|ARM.ActiveCfg = Release|Any CPU
		{4A531E82-F1C4-4514-91A7-A7101A5F1487}.Ad-Hoc|ARM.Build.0 = Release|Any CPU
		{4A531E82-F1C4-4514-91A7-A7101A5F1487}.Ad-Hoc|ARM.Deploy.0 = Release|Any CPU
		{4A531E82-F1C4-4514-91A7-A7101A5F1487}.Ad-Hoc|iPhone.ActiveCfg = Release|Any CPU
		{4A531E82-F1C4-4514-91A7-A7101A5F1487}.Ad-Hoc|iPhone.Build.0 = Release|Any CPU
		{4A531E82-F1C4-4514-91A7-A7101A5F1487}.Ad-Hoc|iPhone.Deploy.0 = Release|Any CPU
		{4A531E82-F1C4-4514-91A7-A7101A5F1487}.Ad-Hoc|iPhoneSimulator.ActiveCfg = Release|Any CPU
		{4A531E82-F1C4-4514-91A7-A7101A5F1487}.Ad-Hoc|iPhoneSimulator.Build.0 = Release|Any CPU
		{4A531E82-F1C4-4514-91A7-A7101A5F1487}.Ad-Hoc|iPhoneSimulator.Deploy.0 = Release|Any CPU
		{4A531E82-F1C4-4514-91A7-A7101A5F1487}.Ad-Hoc|x64.ActiveCfg = Release|Any CPU
		{4A531E82-F1C4-4514-91A7-A7101A5F1487}.Ad-Hoc|x64.Build.0 = Release|Any CPU
		{4A531E82-F1C4-4514-91A7-A7101A5F1487}.Ad-Hoc|x64.Deploy.0 = Release|Any CPU
		{4A531E82-F1C4-4514-91A7-A7101A5F1487}.Ad-Hoc|x86.ActiveCfg = Release|Any CPU
		{4A531E82-F1C4-4514-91A7-A7101A5F1487}.Ad-Hoc|x86.Build.0 = Release|Any CPU
		{4A531E82-F1C4-4514-91A7-A7101A5F1487}.Ad-Hoc|x86.Deploy.0 = Release|Any CPU
		{4A531E82-F1C4-4514-91A7-A7101A5F1487}.AppStore|Any CPU.ActiveCfg = Release|Any CPU
		{4A531E82-F1C4-4514-91A7-A7101A5F1487}.AppStore|Any CPU.Build.0 = Release|Any CPU
		{4A531E82-F1C4-4514-91A7-A7101A5F1487}.AppStore|Any CPU.Deploy.0 = Release|Any CPU
		{4A531E82-F1C4-4514-91A7-A7101A5F1487}.AppStore|ARM.ActiveCfg = Release|Any CPU
		{4A531E82-F1C4-4514-91A7-A7101A5F1487}.AppStore|ARM.Build.0 = Release|Any CPU
		{4A531E82-F1C4-4514-91A7-A7101A5F1487}.AppStore|ARM.Deploy.0 = Release|Any CPU
		{4A531E82-F1C4-4514-91A7-A7101A5F1487}.AppStore|iPhone.ActiveCfg = Release|Any CPU
		{4A531E82-F1C4-4514-91A7-A7101A5F1487}.AppStore|iPhone.Build.0 = Release|Any CPU
		{4A531E82-F1C4-4514-91A7-A7101A5F1487}.AppStore|iPhone.Deploy.0 = Release|Any CPU
		{4A531E82-F1C4-4514-91A7-A7101A5F1487}.AppStore|iPhoneSimulator.ActiveCfg = Release|Any CPU
		{4A531E82-F1C4-4514-91A7-A7101A5F1487}.AppStore|iPhoneSimulator.Build.0 = Release|Any CPU
		{4A531E82-F1C4-4514-91A7-A7101A5F1487}.AppStore|iPhoneSimulator.Deploy.0 = Release|Any CPU
		{4A531E82-F1C4-4514-91A7-A7101A5F1487}.AppStore|x64.ActiveCfg = Release|Any CPU
		{4A531E82-F1C4-4514-91A7-A7101A5F1487}.AppStore|x64.Build.0 = Release|Any CPU
		{4A531E82-F1C4-4514-91A7-A7101A5F1487}.AppStore|x64.Deploy.0 = Release|Any CPU
		{4A531E82-F1C4-4514-91A7-A7101A5F1487}.AppStore|x86.ActiveCfg = Release|Any CPU
		{4A531E82-F1C4-4514-91A7-A7101A5F1487}.AppStore|x86.Build.0 = Release|Any CPU
		{4A531E82-F1C4-4514-91A7-A7101A5F1487}.AppStore|x86.Deploy.0 = Release|Any CPU
		{4A531E82-F1C4-4514-91A7-A7101A5F1487}.Debug|Any CPU.ActiveCfg = Debug|Any CPU
		{4A531E82-F1C4-4514-91A7-A7101A5F1487}.Debug|Any CPU.Build.0 = Debug|Any CPU
		{4A531E82-F1C4-4514-91A7-A7101A5F1487}.Debug|Any CPU.Deploy.0 = Debug|Any CPU
		{4A531E82-F1C4-4514-91A7-A7101A5F1487}.Debug|ARM.ActiveCfg = Debug|Any CPU
		{4A531E82-F1C4-4514-91A7-A7101A5F1487}.Debug|ARM.Build.0 = Debug|Any CPU
		{4A531E82-F1C4-4514-91A7-A7101A5F1487}.Debug|ARM.Deploy.0 = Debug|Any CPU
		{4A531E82-F1C4-4514-91A7-A7101A5F1487}.Debug|iPhone.ActiveCfg = Debug|Any CPU
		{4A531E82-F1C4-4514-91A7-A7101A5F1487}.Debug|iPhone.Build.0 = Debug|Any CPU
		{4A531E82-F1C4-4514-91A7-A7101A5F1487}.Debug|iPhone.Deploy.0 = Debug|Any CPU
		{4A531E82-F1C4-4514-91A7-A7101A5F1487}.Debug|iPhoneSimulator.ActiveCfg = Debug|Any CPU
		{4A531E82-F1C4-4514-91A7-A7101A5F1487}.Debug|iPhoneSimulator.Build.0 = Debug|Any CPU
		{4A531E82-F1C4-4514-91A7-A7101A5F1487}.Debug|iPhoneSimulator.Deploy.0 = Debug|Any CPU
		{4A531E82-F1C4-4514-91A7-A7101A5F1487}.Debug|x64.ActiveCfg = Debug|Any CPU
		{4A531E82-F1C4-4514-91A7-A7101A5F1487}.Debug|x64.Build.0 = Debug|Any CPU
		{4A531E82-F1C4-4514-91A7-A7101A5F1487}.Debug|x64.Deploy.0 = Debug|Any CPU
		{4A531E82-F1C4-4514-91A7-A7101A5F1487}.Debug|x86.ActiveCfg = Debug|Any CPU
		{4A531E82-F1C4-4514-91A7-A7101A5F1487}.Debug|x86.Build.0 = Debug|Any CPU
		{4A531E82-F1C4-4514-91A7-A7101A5F1487}.Debug|x86.Deploy.0 = Debug|Any CPU
		{4A531E82-F1C4-4514-91A7-A7101A5F1487}.Release|Any CPU.ActiveCfg = Release|Any CPU
		{4A531E82-F1C4-4514-91A7-A7101A5F1487}.Release|Any CPU.Build.0 = Release|Any CPU
		{4A531E82-F1C4-4514-91A7-A7101A5F1487}.Release|Any CPU.Deploy.0 = Release|Any CPU
		{4A531E82-F1C4-4514-91A7-A7101A5F1487}.Release|ARM.ActiveCfg = Release|Any CPU
		{4A531E82-F1C4-4514-91A7-A7101A5F1487}.Release|ARM.Build.0 = Release|Any CPU
		{4A531E82-F1C4-4514-91A7-A7101A5F1487}.Release|ARM.Deploy.0 = Release|Any CPU
		{4A531E82-F1C4-4514-91A7-A7101A5F1487}.Release|iPhone.ActiveCfg = Release|Any CPU
		{4A531E82-F1C4-4514-91A7-A7101A5F1487}.Release|iPhone.Build.0 = Release|Any CPU
		{4A531E82-F1C4-4514-91A7-A7101A5F1487}.Release|iPhone.Deploy.0 = Release|Any CPU
		{4A531E82-F1C4-4514-91A7-A7101A5F1487}.Release|iPhoneSimulator.ActiveCfg = Release|Any CPU
		{4A531E82-F1C4-4514-91A7-A7101A5F1487}.Release|iPhoneSimulator.Build.0 = Release|Any CPU
		{4A531E82-F1C4-4514-91A7-A7101A5F1487}.Release|iPhoneSimulator.Deploy.0 = Release|Any CPU
		{4A531E82-F1C4-4514-91A7-A7101A5F1487}.Release|x64.ActiveCfg = Release|Any CPU
		{4A531E82-F1C4-4514-91A7-A7101A5F1487}.Release|x64.Build.0 = Release|Any CPU
		{4A531E82-F1C4-4514-91A7-A7101A5F1487}.Release|x64.Deploy.0 = Release|Any CPU
		{4A531E82-F1C4-4514-91A7-A7101A5F1487}.Release|x86.ActiveCfg = Release|Any CPU
		{4A531E82-F1C4-4514-91A7-A7101A5F1487}.Release|x86.Build.0 = Release|Any CPU
		{4A531E82-F1C4-4514-91A7-A7101A5F1487}.Release|x86.Deploy.0 = Release|Any CPU
		{0E8B76DF-B5F6-4E44-BD76-A1DB78DC9420}.Ad-Hoc|Any CPU.ActiveCfg = Ad-Hoc|iPhone
		{0E8B76DF-B5F6-4E44-BD76-A1DB78DC9420}.Ad-Hoc|ARM.ActiveCfg = Ad-Hoc|iPhone
		{0E8B76DF-B5F6-4E44-BD76-A1DB78DC9420}.Ad-Hoc|iPhone.ActiveCfg = Ad-Hoc|iPhone
		{0E8B76DF-B5F6-4E44-BD76-A1DB78DC9420}.Ad-Hoc|iPhone.Build.0 = Ad-Hoc|iPhone
		{0E8B76DF-B5F6-4E44-BD76-A1DB78DC9420}.Ad-Hoc|iPhoneSimulator.ActiveCfg = Ad-Hoc|iPhoneSimulator
		{0E8B76DF-B5F6-4E44-BD76-A1DB78DC9420}.Ad-Hoc|iPhoneSimulator.Build.0 = Ad-Hoc|iPhoneSimulator
		{0E8B76DF-B5F6-4E44-BD76-A1DB78DC9420}.Ad-Hoc|x64.ActiveCfg = Ad-Hoc|iPhone
		{0E8B76DF-B5F6-4E44-BD76-A1DB78DC9420}.Ad-Hoc|x86.ActiveCfg = Ad-Hoc|iPhone
		{0E8B76DF-B5F6-4E44-BD76-A1DB78DC9420}.AppStore|Any CPU.ActiveCfg = AppStore|iPhone
		{0E8B76DF-B5F6-4E44-BD76-A1DB78DC9420}.AppStore|ARM.ActiveCfg = AppStore|iPhone
		{0E8B76DF-B5F6-4E44-BD76-A1DB78DC9420}.AppStore|iPhone.ActiveCfg = AppStore|iPhone
		{0E8B76DF-B5F6-4E44-BD76-A1DB78DC9420}.AppStore|iPhone.Build.0 = AppStore|iPhone
		{0E8B76DF-B5F6-4E44-BD76-A1DB78DC9420}.AppStore|iPhoneSimulator.ActiveCfg = AppStore|iPhoneSimulator
		{0E8B76DF-B5F6-4E44-BD76-A1DB78DC9420}.AppStore|iPhoneSimulator.Build.0 = AppStore|iPhoneSimulator
		{0E8B76DF-B5F6-4E44-BD76-A1DB78DC9420}.AppStore|x64.ActiveCfg = AppStore|iPhone
		{0E8B76DF-B5F6-4E44-BD76-A1DB78DC9420}.AppStore|x86.ActiveCfg = AppStore|iPhone
		{0E8B76DF-B5F6-4E44-BD76-A1DB78DC9420}.Debug|Any CPU.ActiveCfg = Debug|iPhone
		{0E8B76DF-B5F6-4E44-BD76-A1DB78DC9420}.Debug|ARM.ActiveCfg = Debug|iPhone
		{0E8B76DF-B5F6-4E44-BD76-A1DB78DC9420}.Debug|iPhone.ActiveCfg = Debug|iPhone
		{0E8B76DF-B5F6-4E44-BD76-A1DB78DC9420}.Debug|iPhone.Build.0 = Debug|iPhone
		{0E8B76DF-B5F6-4E44-BD76-A1DB78DC9420}.Debug|iPhoneSimulator.ActiveCfg = Debug|iPhoneSimulator
		{0E8B76DF-B5F6-4E44-BD76-A1DB78DC9420}.Debug|iPhoneSimulator.Build.0 = Debug|iPhoneSimulator
		{0E8B76DF-B5F6-4E44-BD76-A1DB78DC9420}.Debug|x64.ActiveCfg = Debug|iPhone
		{0E8B76DF-B5F6-4E44-BD76-A1DB78DC9420}.Debug|x86.ActiveCfg = Debug|iPhone
		{0E8B76DF-B5F6-4E44-BD76-A1DB78DC9420}.Release|Any CPU.ActiveCfg = Release|iPhone
		{0E8B76DF-B5F6-4E44-BD76-A1DB78DC9420}.Release|ARM.ActiveCfg = Release|iPhone
		{0E8B76DF-B5F6-4E44-BD76-A1DB78DC9420}.Release|iPhone.ActiveCfg = Release|iPhone
		{0E8B76DF-B5F6-4E44-BD76-A1DB78DC9420}.Release|iPhone.Build.0 = Release|iPhone
		{0E8B76DF-B5F6-4E44-BD76-A1DB78DC9420}.Release|iPhoneSimulator.ActiveCfg = Release|iPhoneSimulator
		{0E8B76DF-B5F6-4E44-BD76-A1DB78DC9420}.Release|iPhoneSimulator.Build.0 = Release|iPhoneSimulator
		{0E8B76DF-B5F6-4E44-BD76-A1DB78DC9420}.Release|x64.ActiveCfg = Release|iPhone
		{0E8B76DF-B5F6-4E44-BD76-A1DB78DC9420}.Release|x86.ActiveCfg = Release|iPhone
		{1A279EA0-046C-4AAC-830C-22FCDAD58010}.Ad-Hoc|Any CPU.ActiveCfg = Release|x86
		{1A279EA0-046C-4AAC-830C-22FCDAD58010}.Ad-Hoc|Any CPU.Build.0 = Release|x86
		{1A279EA0-046C-4AAC-830C-22FCDAD58010}.Ad-Hoc|Any CPU.Deploy.0 = Release|x86
		{1A279EA0-046C-4AAC-830C-22FCDAD58010}.Ad-Hoc|ARM.ActiveCfg = Release|ARM
		{1A279EA0-046C-4AAC-830C-22FCDAD58010}.Ad-Hoc|ARM.Build.0 = Release|ARM
		{1A279EA0-046C-4AAC-830C-22FCDAD58010}.Ad-Hoc|ARM.Deploy.0 = Release|ARM
		{1A279EA0-046C-4AAC-830C-22FCDAD58010}.Ad-Hoc|iPhone.ActiveCfg = Release|x86
		{1A279EA0-046C-4AAC-830C-22FCDAD58010}.Ad-Hoc|iPhone.Build.0 = Release|x86
		{1A279EA0-046C-4AAC-830C-22FCDAD58010}.Ad-Hoc|iPhone.Deploy.0 = Release|x86
		{1A279EA0-046C-4AAC-830C-22FCDAD58010}.Ad-Hoc|iPhoneSimulator.ActiveCfg = Release|x86
		{1A279EA0-046C-4AAC-830C-22FCDAD58010}.Ad-Hoc|iPhoneSimulator.Build.0 = Release|x86
		{1A279EA0-046C-4AAC-830C-22FCDAD58010}.Ad-Hoc|iPhoneSimulator.Deploy.0 = Release|x86
		{1A279EA0-046C-4AAC-830C-22FCDAD58010}.Ad-Hoc|x64.ActiveCfg = Release|x64
		{1A279EA0-046C-4AAC-830C-22FCDAD58010}.Ad-Hoc|x64.Build.0 = Release|x64
		{1A279EA0-046C-4AAC-830C-22FCDAD58010}.Ad-Hoc|x64.Deploy.0 = Release|x64
		{1A279EA0-046C-4AAC-830C-22FCDAD58010}.Ad-Hoc|x86.ActiveCfg = Release|x86
		{1A279EA0-046C-4AAC-830C-22FCDAD58010}.Ad-Hoc|x86.Build.0 = Release|x86
		{1A279EA0-046C-4AAC-830C-22FCDAD58010}.Ad-Hoc|x86.Deploy.0 = Release|x86
		{1A279EA0-046C-4AAC-830C-22FCDAD58010}.AppStore|Any CPU.ActiveCfg = Release|x86
		{1A279EA0-046C-4AAC-830C-22FCDAD58010}.AppStore|Any CPU.Build.0 = Release|x86
		{1A279EA0-046C-4AAC-830C-22FCDAD58010}.AppStore|Any CPU.Deploy.0 = Release|x86
		{1A279EA0-046C-4AAC-830C-22FCDAD58010}.AppStore|ARM.ActiveCfg = Release|ARM
		{1A279EA0-046C-4AAC-830C-22FCDAD58010}.AppStore|ARM.Build.0 = Release|ARM
		{1A279EA0-046C-4AAC-830C-22FCDAD58010}.AppStore|ARM.Deploy.0 = Release|ARM
		{1A279EA0-046C-4AAC-830C-22FCDAD58010}.AppStore|iPhone.ActiveCfg = Release|x86
		{1A279EA0-046C-4AAC-830C-22FCDAD58010}.AppStore|iPhone.Build.0 = Release|x86
		{1A279EA0-046C-4AAC-830C-22FCDAD58010}.AppStore|iPhone.Deploy.0 = Release|x86
		{1A279EA0-046C-4AAC-830C-22FCDAD58010}.AppStore|iPhoneSimulator.ActiveCfg = Release|x86
		{1A279EA0-046C-4AAC-830C-22FCDAD58010}.AppStore|iPhoneSimulator.Build.0 = Release|x86
		{1A279EA0-046C-4AAC-830C-22FCDAD58010}.AppStore|iPhoneSimulator.Deploy.0 = Release|x86
		{1A279EA0-046C-4AAC-830C-22FCDAD58010}.AppStore|x64.ActiveCfg = Release|x64
		{1A279EA0-046C-4AAC-830C-22FCDAD58010}.AppStore|x64.Build.0 = Release|x64
		{1A279EA0-046C-4AAC-830C-22FCDAD58010}.AppStore|x64.Deploy.0 = Release|x64
		{1A279EA0-046C-4AAC-830C-22FCDAD58010}.AppStore|x86.ActiveCfg = Release|x86
		{1A279EA0-046C-4AAC-830C-22FCDAD58010}.AppStore|x86.Build.0 = Release|x86
		{1A279EA0-046C-4AAC-830C-22FCDAD58010}.AppStore|x86.Deploy.0 = Release|x86
		{1A279EA0-046C-4AAC-830C-22FCDAD58010}.Debug|Any CPU.ActiveCfg = Debug|x86
		{1A279EA0-046C-4AAC-830C-22FCDAD58010}.Debug|ARM.ActiveCfg = Debug|ARM
		{1A279EA0-046C-4AAC-830C-22FCDAD58010}.Debug|ARM.Build.0 = Debug|ARM
		{1A279EA0-046C-4AAC-830C-22FCDAD58010}.Debug|ARM.Deploy.0 = Debug|ARM
		{1A279EA0-046C-4AAC-830C-22FCDAD58010}.Debug|iPhone.ActiveCfg = Debug|x86
		{1A279EA0-046C-4AAC-830C-22FCDAD58010}.Debug|iPhoneSimulator.ActiveCfg = Debug|x86
		{1A279EA0-046C-4AAC-830C-22FCDAD58010}.Debug|x64.ActiveCfg = Debug|x64
		{1A279EA0-046C-4AAC-830C-22FCDAD58010}.Debug|x64.Build.0 = Debug|x64
		{1A279EA0-046C-4AAC-830C-22FCDAD58010}.Debug|x64.Deploy.0 = Debug|x64
		{1A279EA0-046C-4AAC-830C-22FCDAD58010}.Debug|x86.ActiveCfg = Debug|x86
		{1A279EA0-046C-4AAC-830C-22FCDAD58010}.Debug|x86.Build.0 = Debug|x86
		{1A279EA0-046C-4AAC-830C-22FCDAD58010}.Debug|x86.Deploy.0 = Debug|x86
		{1A279EA0-046C-4AAC-830C-22FCDAD58010}.Release|Any CPU.ActiveCfg = Release|x86
		{1A279EA0-046C-4AAC-830C-22FCDAD58010}.Release|ARM.ActiveCfg = Release|ARM
		{1A279EA0-046C-4AAC-830C-22FCDAD58010}.Release|ARM.Build.0 = Release|ARM
		{1A279EA0-046C-4AAC-830C-22FCDAD58010}.Release|ARM.Deploy.0 = Release|ARM
		{1A279EA0-046C-4AAC-830C-22FCDAD58010}.Release|iPhone.ActiveCfg = Release|x86
		{1A279EA0-046C-4AAC-830C-22FCDAD58010}.Release|iPhoneSimulator.ActiveCfg = Release|x86
		{1A279EA0-046C-4AAC-830C-22FCDAD58010}.Release|x64.ActiveCfg = Release|x64
		{1A279EA0-046C-4AAC-830C-22FCDAD58010}.Release|x64.Build.0 = Release|x64
		{1A279EA0-046C-4AAC-830C-22FCDAD58010}.Release|x64.Deploy.0 = Release|x64
		{1A279EA0-046C-4AAC-830C-22FCDAD58010}.Release|x86.ActiveCfg = Release|x86
		{1A279EA0-046C-4AAC-830C-22FCDAD58010}.Release|x86.Build.0 = Release|x86
		{1A279EA0-046C-4AAC-830C-22FCDAD58010}.Release|x86.Deploy.0 = Release|x86
		{EE631BAD-77DD-40F4-ADF8-934A2A1175B6}.Ad-Hoc|Any CPU.ActiveCfg = Debug|Any CPU
		{EE631BAD-77DD-40F4-ADF8-934A2A1175B6}.Ad-Hoc|Any CPU.Build.0 = Debug|Any CPU
		{EE631BAD-77DD-40F4-ADF8-934A2A1175B6}.Ad-Hoc|ARM.ActiveCfg = Debug|Any CPU
		{EE631BAD-77DD-40F4-ADF8-934A2A1175B6}.Ad-Hoc|ARM.Build.0 = Debug|Any CPU
		{EE631BAD-77DD-40F4-ADF8-934A2A1175B6}.Ad-Hoc|iPhone.ActiveCfg = Debug|Any CPU
		{EE631BAD-77DD-40F4-ADF8-934A2A1175B6}.Ad-Hoc|iPhone.Build.0 = Debug|Any CPU
		{EE631BAD-77DD-40F4-ADF8-934A2A1175B6}.Ad-Hoc|iPhoneSimulator.ActiveCfg = Debug|Any CPU
		{EE631BAD-77DD-40F4-ADF8-934A2A1175B6}.Ad-Hoc|iPhoneSimulator.Build.0 = Debug|Any CPU
		{EE631BAD-77DD-40F4-ADF8-934A2A1175B6}.Ad-Hoc|x64.ActiveCfg = Debug|Any CPU
		{EE631BAD-77DD-40F4-ADF8-934A2A1175B6}.Ad-Hoc|x64.Build.0 = Debug|Any CPU
		{EE631BAD-77DD-40F4-ADF8-934A2A1175B6}.Ad-Hoc|x86.ActiveCfg = Debug|Any CPU
		{EE631BAD-77DD-40F4-ADF8-934A2A1175B6}.Ad-Hoc|x86.Build.0 = Debug|Any CPU
		{EE631BAD-77DD-40F4-ADF8-934A2A1175B6}.AppStore|Any CPU.ActiveCfg = Debug|Any CPU
		{EE631BAD-77DD-40F4-ADF8-934A2A1175B6}.AppStore|Any CPU.Build.0 = Debug|Any CPU
		{EE631BAD-77DD-40F4-ADF8-934A2A1175B6}.AppStore|ARM.ActiveCfg = Debug|Any CPU
		{EE631BAD-77DD-40F4-ADF8-934A2A1175B6}.AppStore|ARM.Build.0 = Debug|Any CPU
		{EE631BAD-77DD-40F4-ADF8-934A2A1175B6}.AppStore|iPhone.ActiveCfg = Debug|Any CPU
		{EE631BAD-77DD-40F4-ADF8-934A2A1175B6}.AppStore|iPhone.Build.0 = Debug|Any CPU
		{EE631BAD-77DD-40F4-ADF8-934A2A1175B6}.AppStore|iPhoneSimulator.ActiveCfg = Debug|Any CPU
		{EE631BAD-77DD-40F4-ADF8-934A2A1175B6}.AppStore|iPhoneSimulator.Build.0 = Debug|Any CPU
		{EE631BAD-77DD-40F4-ADF8-934A2A1175B6}.AppStore|x64.ActiveCfg = Debug|Any CPU
		{EE631BAD-77DD-40F4-ADF8-934A2A1175B6}.AppStore|x64.Build.0 = Debug|Any CPU
		{EE631BAD-77DD-40F4-ADF8-934A2A1175B6}.AppStore|x86.ActiveCfg = Debug|Any CPU
		{EE631BAD-77DD-40F4-ADF8-934A2A1175B6}.AppStore|x86.Build.0 = Debug|Any CPU
		{EE631BAD-77DD-40F4-ADF8-934A2A1175B6}.Debug|Any CPU.ActiveCfg = Debug|Any CPU
		{EE631BAD-77DD-40F4-ADF8-934A2A1175B6}.Debug|Any CPU.Build.0 = Debug|Any CPU
		{EE631BAD-77DD-40F4-ADF8-934A2A1175B6}.Debug|ARM.ActiveCfg = Debug|Any CPU
		{EE631BAD-77DD-40F4-ADF8-934A2A1175B6}.Debug|ARM.Build.0 = Debug|Any CPU
		{EE631BAD-77DD-40F4-ADF8-934A2A1175B6}.Debug|iPhone.ActiveCfg = Debug|Any CPU
		{EE631BAD-77DD-40F4-ADF8-934A2A1175B6}.Debug|iPhone.Build.0 = Debug|Any CPU
		{EE631BAD-77DD-40F4-ADF8-934A2A1175B6}.Debug|iPhoneSimulator.ActiveCfg = Debug|Any CPU
		{EE631BAD-77DD-40F4-ADF8-934A2A1175B6}.Debug|iPhoneSimulator.Build.0 = Debug|Any CPU
		{EE631BAD-77DD-40F4-ADF8-934A2A1175B6}.Debug|x64.ActiveCfg = Debug|Any CPU
		{EE631BAD-77DD-40F4-ADF8-934A2A1175B6}.Debug|x64.Build.0 = Debug|Any CPU
		{EE631BAD-77DD-40F4-ADF8-934A2A1175B6}.Debug|x86.ActiveCfg = Debug|Any CPU
		{EE631BAD-77DD-40F4-ADF8-934A2A1175B6}.Debug|x86.Build.0 = Debug|Any CPU
		{EE631BAD-77DD-40F4-ADF8-934A2A1175B6}.Release|Any CPU.ActiveCfg = Release|Any CPU
		{EE631BAD-77DD-40F4-ADF8-934A2A1175B6}.Release|Any CPU.Build.0 = Release|Any CPU
		{EE631BAD-77DD-40F4-ADF8-934A2A1175B6}.Release|ARM.ActiveCfg = Release|Any CPU
		{EE631BAD-77DD-40F4-ADF8-934A2A1175B6}.Release|ARM.Build.0 = Release|Any CPU
		{EE631BAD-77DD-40F4-ADF8-934A2A1175B6}.Release|iPhone.ActiveCfg = Release|Any CPU
		{EE631BAD-77DD-40F4-ADF8-934A2A1175B6}.Release|iPhone.Build.0 = Release|Any CPU
		{EE631BAD-77DD-40F4-ADF8-934A2A1175B6}.Release|iPhoneSimulator.ActiveCfg = Release|Any CPU
		{EE631BAD-77DD-40F4-ADF8-934A2A1175B6}.Release|iPhoneSimulator.Build.0 = Release|Any CPU
		{EE631BAD-77DD-40F4-ADF8-934A2A1175B6}.Release|x64.ActiveCfg = Release|Any CPU
		{EE631BAD-77DD-40F4-ADF8-934A2A1175B6}.Release|x64.Build.0 = Release|Any CPU
		{EE631BAD-77DD-40F4-ADF8-934A2A1175B6}.Release|x86.ActiveCfg = Release|Any CPU
		{EE631BAD-77DD-40F4-ADF8-934A2A1175B6}.Release|x86.Build.0 = Release|Any CPU
	EndGlobalSection
	GlobalSection(SolutionProperties) = preSolution
		HideSolutionNode = FALSE
	EndGlobalSection
	GlobalSection(NestedProjects) = preSolution
		{5DBDC846-3845-453B-A406-7EBB207AF457} = {77EE458E-B251-43A1-90DF-29BE1CDEFE5F}
		{4A531E82-F1C4-4514-91A7-A7101A5F1487} = {9DC1B0E7-87E0-4155-B6C3-998AD08F4AD3}
		{0E8B76DF-B5F6-4E44-BD76-A1DB78DC9420} = {9DC1B0E7-87E0-4155-B6C3-998AD08F4AD3}
		{1A279EA0-046C-4AAC-830C-22FCDAD58010} = {9DC1B0E7-87E0-4155-B6C3-998AD08F4AD3}
		{EE631BAD-77DD-40F4-ADF8-934A2A1175B6} = {9DC1B0E7-87E0-4155-B6C3-998AD08F4AD3}
	EndGlobalSection
	GlobalSection(ExtensibilityGlobals) = postSolution
		SolutionGuid = {560FCA01-1DE8-47AD-B2FD-C6F2E48AF838}
	EndGlobalSection
EndGlobal
